
Microsoft Visual Studio Solution File, Format Version 12.00
Project("{FAE04EC0-301F-11D3-BF4B-00C04F79EFBC}") = "UnitTestDemo.Lib", "UnitTestDemo.Lib\UnitTestDemo.Lib.csproj", "{34BE093B-1145-4FBA-93C6-14E35B6CF268}"
EndProject
Project("{FAE04EC0-301F-11D3-BF4B-00C04F79EFBC}") = "UnitTestDemo.Lib.Test", "UnitTestDemo.Lib.Test\UnitTestDemo.Lib.Test.csproj", "{0AA24AE9-ADAA-4309-A876-47DFA0D45E0D}"
EndProject
Global
	GlobalSection(SolutionConfigurationPlatforms) = preSolution
		Debug|Any CPU = Debug|Any CPU
		Release|Any CPU = Release|Any CPU
	EndGlobalSection
	GlobalSection(ProjectConfigurationPlatforms) = postSolution
		{34BE093B-1145-4FBA-93C6-14E35B6CF268}.Debug|Any CPU.ActiveCfg = Debug|Any CPU
		{34BE093B-1145-4FBA-93C6-14E35B6CF268}.Debug|Any CPU.Build.0 = Debug|Any CPU
		{34BE093B-1145-4FBA-93C6-14E35B6CF268}.Release|Any CPU.ActiveCfg = Release|Any CPU
		{34BE093B-1145-4FBA-93C6-14E35B6CF268}.Release|Any CPU.Build.0 = Release|Any CPU
		{0AA24AE9-ADAA-4309-A876-47DFA0D45E0D}.Debug|Any CPU.ActiveCfg = Debug|Any CPU
		{0AA24AE9-ADAA-4309-A876-47DFA0D45E0D}.Debug|Any CPU.Build.0 = Debug|Any CPU
		{0AA24AE9-ADAA-4309-A876-47DFA0D45E0D}.Release|Any CPU.ActiveCfg = Release|Any CPU
		{0AA24AE9-ADAA-4309-A876-47DFA0D45E0D}.Release|Any CPU.Build.0 = Release|Any CPU
	EndGlobalSection
EndGlobal
